Microsoft Visual Studio Solution File, Format Version 12.00
# Visual Studio Version 16
VisualStudioVersion = 16.0.30517.126
MinimumVisualStudioVersion = 10.0.40219.1
Project("{8BC9CEB8-8B4A-11D0-8D11-00A0C91BC942}") = "Dragonfly.Graphics.Wrappers", "Dragonfly.Graphics.Wrappers\Dragonfly.Graphics.Wrappers.vcxproj", "{157540D1-D1AE-481C-AB9D-A695BDD36051}"
EndProject
Project("{FAE04EC0-301F-11D3-BF4B-00C04F79EFBC}") = "Dragonfly.Graphics", "Dragonfly.Graphics\Dragonfly.Graphics.csproj", "{F0E31E0D-53F5-440E-BF09-AAC09B9EBB92}"
	ProjectSection(ProjectDependencies) = postProject
		{2607C251-5E11-43B8-923F-1E4D383573BE} = {2607C251-5E11-43B8-923F-1E4D383573BE}
	EndProjectSection
EndProject
Project("{FAE04EC0-301F-11D3-BF4B-00C04F79EFBC}") = "Dragonfly.Graphics.Test", "Dragonfly.Graphics.Test\Dragonfly.Graphics.Test.csproj", "{58A116F9-7E58-49E9-944A-2A5EF59C6A1B}"
	ProjectSection(ProjectDependencies) = postProject
		{F0E31E0D-53F5-440E-BF09-AAC09B9EBB92} = {F0E31E0D-53F5-440E-BF09-AAC09B9EBB92}
	EndProjectSection
EndProject
Project("{8BC9CEB8-8B4A-11D0-8D11-00A0C91BC942}") = "Dragonfly.Utils.Win32", "Dragonfly.Utils.Win32\Dragonfly.Utils.Win32.vcxproj", "{2607C251-5E11-43B8-923F-1E4D383573BE}"
EndProject
Project("{FAE04EC0-301F-11D3-BF4B-00C04F79EFBC}") = "Dragonfly.Tools", "Dragonfly.Tools\Dragonfly.Tools.csproj", "{22DE1C1A-FAC8-4812-94B0-B5D245FBFF22}"
EndProject
Project("{FAE04EC0-301F-11D3-BF4B-00C04F79EFBC}") = "Dragonfly.Utils", "Dragonfly.Utils\Dragonfly.Utils.csproj", "{5440138A-E0B3-4B32-9713-38DEF2C4FF11}"
EndProject
Project("{FAE04EC0-301F-11D3-BF4B-00C04F79EFBC}") = "Dragonfly.Engine.Core", "Dragonfly.Engine.Core\Dragonfly.Engine.Core.csproj", "{38986FF5-B666-4862-9205-0BE3B631C261}"
EndProject
Project("{FAE04EC0-301F-11D3-BF4B-00C04F79EFBC}") = "Dragonfly.Modules.BaseModule", "Dragonfly.Engine.BaseModule\Dragonfly.Modules.BaseModule.csproj", "{D42A036B-7BF4-44A0-B48A-7CCADC85116E}"
EndProject
Project("{FAE04EC0-301F-11D3-BF4B-00C04F79EFBC}") = "Dragonfly.Engine.Test", "Dragonfly.Engine.Test\Dragonfly.Engine.Test.csproj", "{2AC813B3-99A3-40AA-8B8E-A55B960F78A6}"
EndProject
Project("{FAE04EC0-301F-11D3-BF4B-00C04F79EFBC}") = "Dragonfly.Build", "Dragonfly.Build\Dragonfly.Build.csproj", "{EE6019C5-5EE1-4BC7-8F80-7E1134576FAB}"
EndProject
Project("{FAE04EC0-301F-11D3-BF4B-00C04F79EFBC}") = "Dragonfly.Graphics.Math", "Dragonfly.Graphics.Math\Dragonfly.Graphics.Math.csproj", "{80A394C6-B086-4676-B997-A67275F5BBAA}"
EndProject
Project("{FAE04EC0-301F-11D3-BF4B-00C04F79EFBC}") = "Dragonfly.Utils.Forms", "Dragonfly.Utils.Forms\Dragonfly.Utils.Forms.csproj", "{972B9524-3AD0-45B1-B3AE-4783FF860041}"
EndProject
Project("{FAE04EC0-301F-11D3-BF4B-00C04F79EFBC}") = "Dragonfly.Modules.Procedural", "Dragonfly.Engine.Procedural\Dragonfly.Modules.Procedural.csproj", "{F405A662-3DB2-44F4-9609-D93E5069C61D}"
EndProject
Project("{FAE04EC0-301F-11D3-BF4B-00C04F79EFBC}") = "Dragonfly.Modules.Terrain", "Dragonfly.Modules.Terrain\Dragonfly.Modules.Terrain.csproj", "{99BCE7CF-5F05-405E-990C-A603FAF92A25}"
EndProject
Global
	GlobalSection(SolutionConfigurationPlatforms) = preSolution
		Debug|x64 = Debug|x64
		Debug|x86 = Debug|x86
		DebugVerbose|x64 = DebugVerbose|x64
		DebugVerbose|x86 = DebugVerbose|x86
		Release|x64 = Release|x64
		Release|x86 = Release|x86
		Testing|x64 = Testing|x64
		Testing|x86 = Testing|x86
	EndGlobalSection
	GlobalSection(ProjectConfigurationPlatforms) = postSolution
		{157540D1-D1AE-481C-AB9D-A695BDD36051}.Debug|x64.ActiveCfg = Debug|x64
		{157540D1-D1AE-481C-AB9D-A695BDD36051}.Debug|x64.Build.0 = Debug|x64
		{157540D1-D1AE-481C-AB9D-A695BDD36051}.Debug|x86.ActiveCfg = Debug|Win32
		{157540D1-D1AE-481C-AB9D-A695BDD36051}.Debug|x86.Build.0 = Debug|Win32
		{157540D1-D1AE-481C-AB9D-A695BDD36051}.DebugVerbose|x64.ActiveCfg = Debug|x64
		{157540D1-D1AE-481C-AB9D-A695BDD36051}.DebugVerbose|x64.Build.0 = Debug|x64
		{157540D1-D1AE-481C-AB9D-A695BDD36051}.DebugVerbose|x86.ActiveCfg = Debug|Win32
		{157540D1-D1AE-481C-AB9D-A695BDD36051}.DebugVerbose|x86.Build.0 = Debug|Win32
		{157540D1-D1AE-481C-AB9D-A695BDD36051}.Release|x64.ActiveCfg = Release|x64
		{157540D1-D1AE-481C-AB9D-A695BDD36051}.Release|x64.Build.0 = Release|x64
		{157540D1-D1AE-481C-AB9D-A695BDD36051}.Release|x86.ActiveCfg = Release|Win32
		{157540D1-D1AE-481C-AB9D-A695BDD36051}.Release|x86.Build.0 = Release|Win32
		{157540D1-D1AE-481C-AB9D-A695BDD36051}.Testing|x64.ActiveCfg = Testing|x64
		{157540D1-D1AE-481C-AB9D-A695BDD36051}.Testing|x64.Build.0 = Testing|x64
		{157540D1-D1AE-481C-AB9D-A695BDD36051}.Testing|x86.ActiveCfg = Testing|Win32
		{157540D1-D1AE-481C-AB9D-A695BDD36051}.Testing|x86.Build.0 = Testing|Win32
		{F0E31E0D-53F5-440E-BF09-AAC09B9EBB92}.Debug|x64.ActiveCfg = Debug|x64
		{F0E31E0D-53F5-440E-BF09-AAC09B9EBB92}.Debug|x64.Build.0 = Debug|x64
		{F0E31E0D-53F5-440E-BF09-AAC09B9EBB92}.Debug|x86.ActiveCfg = Debug|x86
		{F0E31E0D-53F5-440E-BF09-AAC09B9EBB92}.Debug|x86.Build.0 = Debug|x86
		{F0E31E0D-53F5-440E-BF09-AAC09B9EBB92}.DebugVerbose|x64.ActiveCfg = Debug|x64
		{F0E31E0D-53F5-440E-BF09-AAC09B9EBB92}.DebugVerbose|x64.Build.0 = Debug|x64
		{F0E31E0D-53F5-440E-BF09-AAC09B9EBB92}.DebugVerbose|x86.ActiveCfg = Debug|x86
		{F0E31E0D-53F5-440E-BF09-AAC09B9EBB92}.DebugVerbose|x86.Build.0 = Debug|x86
		{F0E31E0D-53F5-440E-BF09-AAC09B9EBB92}.Release|x64.ActiveCfg = Release|x64
		{F0E31E0D-53F5-440E-BF09-AAC09B9EBB92}.Release|x64.Build.0 = Release|x64
		{F0E31E0D-53F5-440E-BF09-AAC09B9EBB92}.Release|x86.ActiveCfg = Release|x86
		{F0E31E0D-53F5-440E-BF09-AAC09B9EBB92}.Release|x86.Build.0 = Release|x86
		{F0E31E0D-53F5-440E-BF09-AAC09B9EBB92}.Testing|x64.ActiveCfg = Testing|x64
		{F0E31E0D-53F5-440E-BF09-AAC09B9EBB92}.Testing|x64.Build.0 = Testing|x64
		{F0E31E0D-53F5-440E-BF09-AAC09B9EBB92}.Testing|x86.ActiveCfg = Testing|x86
		{F0E31E0D-53F5-440E-BF09-AAC09B9EBB92}.Testing|x86.Build.0 = Testing|x86
		{58A116F9-7E58-49E9-944A-2A5EF59C6A1B}.Debug|x64.ActiveCfg = Debug|x64
		{58A116F9-7E58-49E9-944A-2A5EF59C6A1B}.Debug|x64.Build.0 = Debug|x64
		{58A116F9-7E58-49E9-944A-2A5EF59C6A1B}.Debug|x86.ActiveCfg = Debug|x86
		{58A116F9-7E58-49E9-944A-2A5EF59C6A1B}.Debug|x86.Build.0 = Debug|x86
		{58A116F9-7E58-49E9-944A-2A5EF59C6A1B}.DebugVerbose|x64.ActiveCfg = Debug|x64
		{58A116F9-7E58-49E9-944A-2A5EF59C6A1B}.DebugVerbose|x64.Build.0 = Debug|x64
		{58A116F9-7E58-49E9-944A-2A5EF59C6A1B}.DebugVerbose|x86.ActiveCfg = Debug|x86
		{58A116F9-7E58-49E9-944A-2A5EF59C6A1B}.DebugVerbose|x86.Build.0 = Debug|x86
		{58A116F9-7E58-49E9-944A-2A5EF59C6A1B}.Release|x64.ActiveCfg = Release|x64
		{58A116F9-7E58-49E9-944A-2A5EF59C6A1B}.Release|x64.Build.0 = Release|x64
		{58A116F9-7E58-49E9-944A-2A5EF59C6A1B}.Release|x86.ActiveCfg = Release|x86
		{58A116F9-7E58-49E9-944A-2A5EF59C6A1B}.Release|x86.Build.0 = Release|x86
		{58A116F9-7E58-49E9-944A-2A5EF59C6A1B}.Testing|x64.ActiveCfg = Testing|x64
		{58A116F9-7E58-49E9-944A-2A5EF59C6A1B}.Testing|x64.Build.0 = Testing|x64
		{58A116F9-7E58-49E9-944A-2A5EF59C6A1B}.Testing|x86.ActiveCfg = Testing|x86
		{58A116F9-7E58-49E9-944A-2A5EF59C6A1B}.Testing|x86.Build.0 = Testing|x86
		{2607C251-5E11-43B8-923F-1E4D383573BE}.Debug|x64.ActiveCfg = Debug|x64
		{2607C251-5E11-43B8-923F-1E4D383573BE}.Debug|x64.Build.0 = Debug|x64
		{2607C251-5E11-43B8-923F-1E4D383573BE}.Debug|x86.ActiveCfg = Debug|Win32
		{2607C251-5E11-43B8-923F-1E4D383573BE}.Debug|x86.Build.0 = Debug|Win32
		{2607C251-5E11-43B8-923F-1E4D383573BE}.DebugVerbose|x64.ActiveCfg = Debug|x64
		{2607C251-5E11-43B8-923F-1E4D383573BE}.DebugVerbose|x64.Build.0 = Debug|x64
		{2607C251-5E11-43B8-923F-1E4D383573BE}.DebugVerbose|x86.ActiveCfg = Debug|Win32
		{2607C251-5E11-43B8-923F-1E4D383573BE}.DebugVerbose|x86.Build.0 = Debug|Win32
		{2607C251-5E11-43B8-923F-1E4D383573BE}.Release|x64.ActiveCfg = Release|x64
		{2607C251-5E11-43B8-923F-1E4D383573BE}.Release|x64.Build.0 = Release|x64
		{2607C251-5E11-43B8-923F-1E4D383573BE}.Release|x86.ActiveCfg = Release|Win32
		{2607C251-5E11-43B8-923F-1E4D383573BE}.Release|x86.Build.0 = Release|Win32
		{2607C251-5E11-43B8-923F-1E4D383573BE}.Testing|x64.ActiveCfg = Testing|x64
		{2607C251-5E11-43B8-923F-1E4D383573BE}.Testing|x64.Build.0 = Testing|x64
		{2607C251-5E11-43B8-923F-1E4D383573BE}.Testing|x86.ActiveCfg = Testing|Win32
		{2607C251-5E11-43B8-923F-1E4D383573BE}.Testing|x86.Build.0 = Testing|Win32
		{22DE1C1A-FAC8-4812-94B0-B5D245FBFF22}.Debug|x64.ActiveCfg = Debug|x64
		{22DE1C1A-FAC8-4812-94B0-B5D245FBFF22}.Debug|x64.Build.0 = Debug|x64
		{22DE1C1A-FAC8-4812-94B0-B5D245FBFF22}.Debug|x86.ActiveCfg = Debug|x86
		{22DE1C1A-FAC8-4812-94B0-B5D245FBFF22}.Debug|x86.Build.0 = Debug|x86
		{22DE1C1A-FAC8-4812-94B0-B5D245FBFF22}.DebugVerbose|x64.ActiveCfg = Debug|x64
		{22DE1C1A-FAC8-4812-94B0-B5D245FBFF22}.DebugVerbose|x64.Build.0 = Debug|x64
		{22DE1C1A-FAC8-4812-94B0-B5D245FBFF22}.DebugVerbose|x86.ActiveCfg = Debug|x86
		{22DE1C1A-FAC8-4812-94B0-B5D245FBFF22}.DebugVerbose|x86.Build.0 = Debug|x86
		{22DE1C1A-FAC8-4812-94B0-B5D245FBFF22}.Release|x64.ActiveCfg = Release|x64
		{22DE1C1A-FAC8-4812-94B0-B5D245FBFF22}.Release|x64.Build.0 = Release|x64
		{22DE1C1A-FAC8-4812-94B0-B5D245FBFF22}.Release|x86.ActiveCfg = Release|x86
		{22DE1C1A-FAC8-4812-94B0-B5D245FBFF22}.Release|x86.Build.0 = Release|x86
		{22DE1C1A-FAC8-4812-94B0-B5D245FBFF22}.Testing|x64.ActiveCfg = Testing|x64
		{22DE1C1A-FAC8-4812-94B0-B5D245FBFF22}.Testing|x64.Build.0 = Testing|x64
		{22DE1C1A-FAC8-4812-94B0-B5D245FBFF22}.Testing|x86.ActiveCfg = Testing|x86
		{22DE1C1A-FAC8-4812-94B0-B5D245FBFF22}.Testing|x86.Build.0 = Testing|x86
		{5440138A-E0B3-4B32-9713-38DEF2C4FF11}.Debug|x64.ActiveCfg = Debug|x64
		{5440138A-E0B3-4B32-9713-38DEF2C4FF11}.Debug|x64.Build.0 = Debug|x64
		{5440138A-E0B3-4B32-9713-38DEF2C4FF11}.Debug|x86.ActiveCfg = Debug|x86
		{5440138A-E0B3-4B32-9713-38DEF2C4FF11}.Debug|x86.Build.0 = Debug|x86
		{5440138A-E0B3-4B32-9713-38DEF2C4FF11}.DebugVerbose|x64.ActiveCfg = Debug|x64
		{5440138A-E0B3-4B32-9713-38DEF2C4FF11}.DebugVerbose|x64.Build.0 = Debug|x64
		{5440138A-E0B3-4B32-9713-38DEF2C4FF11}.DebugVerbose|x86.ActiveCfg = Debug|x86
		{5440138A-E0B3-4B32-9713-38DEF2C4FF11}.DebugVerbose|x86.Build.0 = Debug|x86
		{5440138A-E0B3-4B32-9713-38DEF2C4FF11}.Release|x64.ActiveCfg = Release|x64
		{5440138A-E0B3-4B32-9713-38DEF2C4FF11}.Release|x64.Build.0 = Release|x64
		{5440138A-E0B3-4B32-9713-38DEF2C4FF11}.Release|x86.ActiveCfg = Release|x86
		{5440138A-E0B3-4B32-9713-38DEF2C4FF11}.Release|x86.Build.0 = Release|x86
		{5440138A-E0B3-4B32-9713-38DEF2C4FF11}.Testing|x64.ActiveCfg = Testing|x64
		{5440138A-E0B3-4B32-9713-38DEF2C4FF11}.Testing|x64.Build.0 = Testing|x64
		{5440138A-E0B3-4B32-9713-38DEF2C4FF11}.Testing|x86.ActiveCfg = Testing|x86
		{5440138A-E0B3-4B32-9713-38DEF2C4FF11}.Testing|x86.Build.0 = Testing|x86
		{38986FF5-B666-4862-9205-0BE3B631C261}.Debug|x64.ActiveCfg = Debug|x64
		{38986FF5-B666-4862-9205-0BE3B631C261}.Debug|x64.Build.0 = Debug|x64
		{38986FF5-B666-4862-9205-0BE3B631C261}.Debug|x86.ActiveCfg = Debug|x86
		{38986FF5-B666-4862-9205-0BE3B631C261}.Debug|x86.Build.0 = Debug|x86
		{38986FF5-B666-4862-9205-0BE3B631C261}.DebugVerbose|x64.ActiveCfg = DebugVerbose|x64
		{38986FF5-B666-4862-9205-0BE3B631C261}.DebugVerbose|x64.Build.0 = DebugVerbose|x64
		{38986FF5-B666-4862-9205-0BE3B631C261}.DebugVerbose|x86.ActiveCfg = Debug|x86
		{38986FF5-B666-4862-9205-0BE3B631C261}.DebugVerbose|x86.Build.0 = Debug|x86
		{38986FF5-B666-4862-9205-0BE3B631C261}.Release|x64.ActiveCfg = Release|x64
		{38986FF5-B666-4862-9205-0BE3B631C261}.Release|x64.Build.0 = Release|x64
		{38986FF5-B666-4862-9205-0BE3B631C261}.Release|x86.ActiveCfg = Release|x86
		{38986FF5-B666-4862-9205-0BE3B631C261}.Release|x86.Build.0 = Release|x86
		{38986FF5-B666-4862-9205-0BE3B631C261}.Testing|x64.ActiveCfg = Testing|x64
		{38986FF5-B666-4862-9205-0BE3B631C261}.Testing|x64.Build.0 = Testing|x64
		{38986FF5-B666-4862-9205-0BE3B631C261}.Testing|x86.ActiveCfg = Testing|x86
		{38986FF5-B666-4862-9205-0BE3B631C261}.Testing|x86.Build.0 = Testing|x86
		{D42A036B-7BF4-44A0-B48A-7CCADC85116E}.Debug|x64.ActiveCfg = Debug|x64
		{D42A036B-7BF4-44A0-B48A-7CCADC85116E}.Debug|x64.Build.0 = Debug|x64
		{D42A036B-7BF4-44A0-B48A-7CCADC85116E}.Debug|x86.ActiveCfg = Debug|x86
		{D42A036B-7BF4-44A0-B48A-7CCADC85116E}.Debug|x86.Build.0 = Debug|x86
		{D42A036B-7BF4-44A0-B48A-7CCADC85116E}.DebugVerbose|x64.ActiveCfg = Debug|x64
		{D42A036B-7BF4-44A0-B48A-7CCADC85116E}.DebugVerbose|x64.Build.0 = Debug|x64
		{D42A036B-7BF4-44A0-B48A-7CCADC85116E}.DebugVerbose|x86.ActiveCfg = Debug|x86
		{D42A036B-7BF4-44A0-B48A-7CCADC85116E}.DebugVerbose|x86.Build.0 = Debug|x86
		{D42A036B-7BF4-44A0-B48A-7CCADC85116E}.Release|x64.ActiveCfg = Release|x64
		{D42A036B-7BF4-44A0-B48A-7CCADC85116E}.Release|x64.Build.0 = Release|x64
		{D42A036B-7BF4-44A0-B48A-7CCADC85116E}.Release|x86.ActiveCfg = Release|x86
		{D42A036B-7BF4-44A0-B48A-7CCADC85116E}.Release|x86.Build.0 = Release|x86
		{D42A036B-7BF4-44A0-B48A-7CCADC85116E}.Testing|x64.ActiveCfg = Testing|x64
		{D42A036B-7BF4-44A0-B48A-7CCADC85116E}.Testing|x64.Build.0 = Testing|x64
		{D42A036B-7BF4-44A0-B48A-7CCADC85116E}.Testing|x86.ActiveCfg = Testing|x86
		{D42A036B-7BF4-44A0-B48A-7CCADC85116E}.Testing|x86.Build.0 = Testing|x86
		{2AC813B3-99A3-40AA-8B8E-A55B960F78A6}.Debug|x64.ActiveCfg = Debug|x64
		{2AC813B3-99A3-40AA-8B8E-A55B960F78A6}.Debug|x64.Build.0 = Debug|x64
		{2AC813B3-99A3-40AA-8B8E-A55B960F78A6}.Debug|x86.ActiveCfg = Debug|x86
		{2AC813B3-99A3-40AA-8B8E-A55B960F78A6}.Debug|x86.Build.0 = Debug|x86
		{2AC813B3-99A3-40AA-8B8E-A55B960F78A6}.DebugVerbose|x64.ActiveCfg = Debug|x64
		{2AC813B3-99A3-40AA-8B8E-A55B960F78A6}.DebugVerbose|x64.Build.0 = Debug|x64
		{2AC813B3-99A3-40AA-8B8E-A55B960F78A6}.DebugVerbose|x86.ActiveCfg = Debug|x86
		{2AC813B3-99A3-40AA-8B8E-A55B960F78A6}.DebugVerbose|x86.Build.0 = Debug|x86
		{2AC813B3-99A3-40AA-8B8E-A55B960F78A6}.Release|x64.ActiveCfg = Release|x64
		{2AC813B3-99A3-40AA-8B8E-A55B960F78A6}.Release|x64.Build.0 = Release|x64
		{2AC813B3-99A3-40AA-8B8E-A55B960F78A6}.Release|x86.ActiveCfg = Release|x86
		{2AC813B3-99A3-40AA-8B8E-A55B960F78A6}.Release|x86.Build.0 = Release|x86
		{2AC813B3-99A3-40AA-8B8E-A55B960F78A6}.Testing|x64.ActiveCfg = Testing|x64
		{2AC813B3-99A3-40AA-8B8E-A55B960F78A6}.Testing|x64.Build.0 = Testing|x64
		{2AC813B3-99A3-40AA-8B8E-A55B960F78A6}.Testing|x86.ActiveCfg = Testing|x86
		{2AC813B3-99A3-40AA-8B8E-A55B960F78A6}.Testing|x86.Build.0 = Testing|x86
		{EE6019C5-5EE1-4BC7-8F80-7E1134576FAB}.Debug|x64.ActiveCfg = Debug|x64
		{EE6019C5-5EE1-4BC7-8F80-7E1134576FAB}.Debug|x64.Build.0 = Debug|x64
		{EE6019C5-5EE1-4BC7-8F80-7E1134576FAB}.Debug|x86.ActiveCfg = Debug|x86
		{EE6019C5-5EE1-4BC7-8F80-7E1134576FAB}.Debug|x86.Build.0 = Debug|x86
		{EE6019C5-5EE1-4BC7-8F80-7E1134576FAB}.DebugVerbose|x64.ActiveCfg = Debug|x64
		{EE6019C5-5EE1-4BC7-8F80-7E1134576FAB}.DebugVerbose|x64.Build.0 = Debug|x64
		{EE6019C5-5EE1-4BC7-8F80-7E1134576FAB}.DebugVerbose|x86.ActiveCfg = Debug|x86
		{EE6019C5-5EE1-4BC7-8F80-7E1134576FAB}.DebugVerbose|x86.Build.0 = Debug|x86
		{EE6019C5-5EE1-4BC7-8F80-7E1134576FAB}.Release|x64.ActiveCfg = Release|x64
		{EE6019C5-5EE1-4BC7-8F80-7E1134576FAB}.Release|x64.Build.0 = Release|x64
		{EE6019C5-5EE1-4BC7-8F80-7E1134576FAB}.Release|x86.ActiveCfg = Release|x86
		{EE6019C5-5EE1-4BC7-8F80-7E1134576FAB}.Release|x86.Build.0 = Release|x86
		{EE6019C5-5EE1-4BC7-8F80-7E1134576FAB}.Testing|x64.ActiveCfg = Debug|x64
		{EE6019C5-5EE1-4BC7-8F80-7E1134576FAB}.Testing|x86.ActiveCfg = Debug|x86
		{80A394C6-B086-4676-B997-A67275F5BBAA}.Debug|x64.ActiveCfg = Debug|x64
		{80A394C6-B086-4676-B997-A67275F5BBAA}.Debug|x64.Build.0 = Debug|x64
		{80A394C6-B086-4676-B997-A67275F5BBAA}.Debug|x86.ActiveCfg = Debug|x86
		{80A394C6-B086-4676-B997-A67275F5BBAA}.Debug|x86.Build.0 = Debug|x86
		{80A394C6-B086-4676-B997-A67275F5BBAA}.DebugVerbose|x64.ActiveCfg = Debug|x64
		{80A394C6-B086-4676-B997-A67275F5BBAA}.DebugVerbose|x64.Build.0 = Debug|x64
		{80A394C6-B086-4676-B997-A67275F5BBAA}.DebugVerbose|x86.ActiveCfg = Debug|x86
		{80A394C6-B086-4676-B997-A67275F5BBAA}.DebugVerbose|x86.Build.0 = Debug|x86
		{80A394C6-B086-4676-B997-A67275F5BBAA}.Release|x64.ActiveCfg = Release|x64
		{80A394C6-B086-4676-B997-A67275F5BBAA}.Release|x64.Build.0 = Release|x64
		{80A394C6-B086-4676-B997-A67275F5BBAA}.Release|x86.ActiveCfg = Release|x86
		{80A394C6-B086-4676-B997-A67275F5BBAA}.Release|x86.Build.0 = Release|x86
		{80A394C6-B086-4676-B997-A67275F5BBAA}.Testing|x64.ActiveCfg = Testing|x64
		{80A394C6-B086-4676-B997-A67275F5BBAA}.Testing|x64.Build.0 = Testing|x64
		{80A394C6-B086-4676-B997-A67275F5BBAA}.Testing|x86.ActiveCfg = Testing|x86
		{80A394C6-B086-4676-B997-A67275F5BBAA}.Testing|x86.Build.0 = Testing|x86
		{972B9524-3AD0-45B1-B3AE-4783FF860041}.Debug|x64.ActiveCfg = Debug|x64
		{972B9524-3AD0-45B1-B3AE-4783FF860041}.Debug|x64.Build.0 = Debug|x64
		{972B9524-3AD0-45B1-B3AE-4783FF860041}.Debug|x86.ActiveCfg = Debug|x86
		{972B9524-3AD0-45B1-B3AE-4783FF860041}.Debug|x86.Build.0 = Debug|x86
		{972B9524-3AD0-45B1-B3AE-4783FF860041}.DebugVerbose|x64.ActiveCfg = Debug|x64
		{972B9524-3AD0-45B1-B3AE-4783FF860041}.DebugVerbose|x64.Build.0 = Debug|x64
		{972B9524-3AD0-45B1-B3AE-4783FF860041}.DebugVerbose|x86.ActiveCfg = Debug|x86
		{972B9524-3AD0-45B1-B3AE-4783FF860041}.DebugVerbose|x86.Build.0 = Debug|x86
		{972B9524-3AD0-45B1-B3AE-4783FF860041}.Release|x64.ActiveCfg = Release|x64
		{972B9524-3AD0-45B1-B3AE-4783FF860041}.Release|x64.Build.0 = Release|x64
		{972B9524-3AD0-45B1-B3AE-4783FF860041}.Release|x86.ActiveCfg = Release|x86
		{972B9524-3AD0-45B1-B3AE-4783FF860041}.Release|x86.Build.0 = Release|x86
		{972B9524-3AD0-45B1-B3AE-4783FF860041}.Testing|x64.ActiveCfg = Testing|x64
		{972B9524-3AD0-45B1-B3AE-4783FF860041}.Testing|x64.Build.0 = Testing|x64
		{972B9524-3AD0-45B1-B3AE-4783FF860041}.Testing|x86.ActiveCfg = Testing|x86
		{972B9524-3AD0-45B1-B3AE-4783FF860041}.Testing|x86.Build.0 = Testing|x86
		{F405A662-3DB2-44F4-9609-D93E5069C61D}.Debug|x64.ActiveCfg = Debug|x64
		{F405A662-3DB2-44F4-9609-D93E5069C61D}.Debug|x64.Build.0 = Debug|x64
		{F405A662-3DB2-44F4-9609-D93E5069C61D}.Debug|x86.ActiveCfg = Debug|x86
		{F405A662-3DB2-44F4-9609-D93E5069C61D}.Debug|x86.Build.0 = Debug|x86
		{F405A662-3DB2-44F4-9609-D93E5069C61D}.DebugVerbose|x64.ActiveCfg = Debug|x64
		{F405A662-3DB2-44F4-9609-D93E5069C61D}.DebugVerbose|x64.Build.0 = Debug|x64
		{F405A662-3DB2-44F4-9609-D93E5069C61D}.DebugVerbose|x86.ActiveCfg = Debug|x86
		{F405A662-3DB2-44F4-9609-D93E5069C61D}.DebugVerbose|x86.Build.0 = Debug|x86
		{F405A662-3DB2-44F4-9609-D93E5069C61D}.Release|x64.ActiveCfg = Release|x64
		{F405A662-3DB2-44F4-9609-D93E5069C61D}.Release|x64.Build.0 = Release|x64
		{F405A662-3DB2-44F4-9609-D93E5069C61D}.Release|x86.ActiveCfg = Release|x86
		{F405A662-3DB2-44F4-9609-D93E5069C61D}.Release|x86.Build.0 = Release|x86
		{F405A662-3DB2-44F4-9609-D93E5069C61D}.Testing|x64.ActiveCfg = Testing|x64
		{F405A662-3DB2-44F4-9609-D93E5069C61D}.Testing|x64.Build.0 = Testing|x64
		{F405A662-3DB2-44F4-9609-D93E5069C61D}.Testing|x86.ActiveCfg = Testing|x86
		{F405A662-3DB2-44F4-9609-D93E5069C61D}.Testing|x86.Build.0 = Testing|x86
		{99BCE7CF-5F05-405E-990C-A603FAF92A25}.Debug|x64.ActiveCfg = Debug|x64
		{99BCE7CF-5F05-405E-990C-A603FAF92A25}.Debug|x64.Build.0 = Debug|x64
		{99BCE7CF-5F05-405E-990C-A603FAF92A25}.Debug|x86.ActiveCfg = Debug|x86
		{99BCE7CF-5F05-405E-990C-A603FAF92A25}.Debug|x86.Build.0 = Debug|x86
		{99BCE7CF-5F05-405E-990C-A603FAF92A25}.DebugVerbose|x64.ActiveCfg = Debug|x64
		{99BCE7CF-5F05-405E-990C-A603FAF92A25}.DebugVerbose|x64.Build.0 = Debug|x64
		{99BCE7CF-5F05-405E-990C-A603FAF92A25}.DebugVerbose|x86.ActiveCfg = Debug|x86
		{99BCE7CF-5F05-405E-990C-A603FAF92A25}.DebugVerbose|x86.Build.0 = Debug|x86
		{99BCE7CF-5F05-405E-990C-A603FAF92A25}.Release|x64.ActiveCfg = Release|x64
		{99BCE7CF-5F05-405E-990C-A603FAF92A25}.Release|x64.Build.0 = Release|x64
		{99BCE7CF-5F05-405E-990C-A603FAF92A25}.Release|x86.ActiveCfg = Release|x86
		{99BCE7CF-5F05-405E-990C-A603FAF92A25}.Release|x86.Build.0 = Release|x86
		{99BCE7CF-5F05-405E-990C-A603FAF92A25}.Testing|x64.ActiveCfg = Testing|x64
		{99BCE7CF-5F05-405E-990C-A603FAF92A25}.Testing|x64.Build.0 = Testing|x64
		{99BCE7CF-5F05-405E-990C-A603FAF92A25}.Testing|x86.ActiveCfg = Testing|x86
		{99BCE7CF-5F05-405E-990C-A603FAF92A25}.Testing|x86.Build.0 = Testing|x86
	EndGlobalSection
	GlobalSection(SolutionProperties) = preSolution
		HideSolutionNode = FALSE
	EndGlobalSection
	GlobalSection(ExtensibilityGlobals) = postSolution
		SolutionGuid = {60E9069D-F0D4-4823-8D41-F18510CDA3B9}
	EndGlobalSection
EndGlobal
